
Microsoft Visual Studio Solution File, Format Version 12.00
# Visual Studio Version 17
VisualStudioVersion = 17.11.35222.181
MinimumVisualStudioVersion = 10.0.40219.1
Project("{FAE04EC0-301F-11D3-BF4B-00C04F79EFBC}") = "GenericsBasicExample", "GenericsBasicExample\GenericsBasicExample.csproj", "{42A1B77D-CC2E-4244-9A84-E8454133443B}"
EndProject
Global
	GlobalSection(SolutionConfigurationPlatforms) = preSolution
		Debug|Any CPU = Debug|Any CPU
		Release|Any CPU = Release|Any CPU
	EndGlobalSection
	GlobalSection(ProjectConfigurationPlatforms) = postSolution
		{42A1B77D-CC2E-4244-9A84-E8454133443B}.Debug|Any CPU.ActiveCfg = Debug|Any CPU
		{42A1B77D-CC2E-4244-9A84-E8454133443B}.Debug|Any CPU.Build.0 = Debug|Any CPU
		{42A1B77D-CC2E-4244-9A84-E8454133443B}.Release|Any CPU.ActiveCfg = Release|Any CPU
		{42A1B77D-CC2E-4244-9A84-E8454133443B}.Release|Any CPU.Build.0 = Release|Any CPU
	EndGlobalSection
	GlobalSection(SolutionProperties) = preSolution
		HideSolutionNode = FALSE
	EndGlobalSection
	GlobalSection(ExtensibilityGlobals) = postSolution
		SolutionGuid = {37EBB3C6-5DA6-492C-A757-441C135D9EE7}
	EndGlobalSection
EndGlobal
